
Microsoft Visual Studio Solution File, Format Version 12.00
# Visual Studio Version 16
VisualStudioVersion = 16.6.30114.105
MinimumVisualStudioVersion = 10.0.40219.1
Project("{9A19103F-16F7-4668-BE54-9A1E7A4F7556}") = "TripleX.Prototype", "TripleX.Prototype\TripleX.Prototype.csproj", "{B0BFE634-7849-4F94-B617-2A4450E02187}"
EndProject
Project("{FAE04EC0-301F-11D3-BF4B-00C04F79EFBC}") = "TripleX.Prototype.Tests", "TripleX.Prototype.Tests\TripleX.Prototype.Tests.csproj", "{0391B2E0-3041-418A-9E39-B67E0F7CEB47}"
EndProject
Project("{FAE04EC0-301F-11D3-BF4B-00C04F79EFBC}") = "TripleX.Prototype.Core", "TripleX.Prototype.Core\TripleX.Prototype.Core.csproj", "{C95AB514-1D52-488B-A351-2F611191C39A}"
EndProject
Global
	GlobalSection(SolutionConfigurationPlatforms) = preSolution
		Debug|Any CPU = Debug|Any CPU
		Debug|x64 = Debug|x64
		Debug|x86 = Debug|x86
		Release|Any CPU = Release|Any CPU
		Release|x64 = Release|x64
		Release|x86 = Release|x86
	EndGlobalSection
	GlobalSection(ProjectConfigurationPlatforms) = postSolution
		{B0BFE634-7849-4F94-B617-2A4450E02187}.Debug|Any CPU.ActiveCfg = Debug|Any CPU
		{B0BFE634-7849-4F94-B617-2A4450E02187}.Debug|Any CPU.Build.0 = Debug|Any CPU
		{B0BFE634-7849-4F94-B617-2A4450E02187}.Debug|x64.ActiveCfg = Debug|Any CPU
		{B0BFE634-7849-4F94-B617-2A4450E02187}.Debug|x64.Build.0 = Debug|Any CPU
		{B0BFE634-7849-4F94-B617-2A4450E02187}.Debug|x86.ActiveCfg = Debug|Any CPU
		{B0BFE634-7849-4F94-B617-2A4450E02187}.Debug|x86.Build.0 = Debug|Any CPU
		{B0BFE634-7849-4F94-B617-2A4450E02187}.Release|Any CPU.ActiveCfg = Release|Any CPU
		{B0BFE634-7849-4F94-B617-2A4450E02187}.Release|Any CPU.Build.0 = Release|Any CPU
		{B0BFE634-7849-4F94-B617-2A4450E02187}.Release|x64.ActiveCfg = Release|Any CPU
		{B0BFE634-7849-4F94-B617-2A4450E02187}.Release|x64.Build.0 = Release|Any CPU
		{B0BFE634-7849-4F94-B617-2A4450E02187}.Release|x86.ActiveCfg = Release|Any CPU
		{B0BFE634-7849-4F94-B617-2A4450E02187}.Release|x86.Build.0 = Release|Any CPU
		{0391B2E0-3041-418A-9E39-B67E0F7CEB47}.Debug|Any CPU.ActiveCfg = Debug|Any CPU
		{0391B2E0-3041-418A-9E39-B67E0F7CEB47}.Debug|Any CPU.Build.0 = Debug|Any CPU
		{0391B2E0-3041-418A-9E39-B67E0F7CEB47}.Debug|x64.ActiveCfg = Debug|Any CPU
		{0391B2E0-3041-418A-9E39-B67E0F7CEB47}.Debug|x64.Build.0 = Debug|Any CPU
		{0391B2E0-3041-418A-9E39-B67E0F7CEB47}.Debug|x86.ActiveCfg = Debug|Any CPU
		{0391B2E0-3041-418A-9E39-B67E0F7CEB47}.Debug|x86.Build.0 = Debug|Any CPU
		{0391B2E0-3041-418A-9E39-B67E0F7CEB47}.Release|Any CPU.ActiveCfg = Release|Any CPU
		{0391B2E0-3041-418A-9E39-B67E0F7CEB47}.Release|Any CPU.Build.0 = Release|Any CPU
		{0391B2E0-3041-418A-9E39-B67E0F7CEB47}.Release|x64.ActiveCfg = Release|Any CPU
		{0391B2E0-3041-418A-9E39-B67E0F7CEB47}.Release|x64.Build.0 = Release|Any CPU
		{0391B2E0-3041-418A-9E39-B67E0F7CEB47}.Release|x86.ActiveCfg = Release|Any CPU
		{0391B2E0-3041-418A-9E39-B67E0F7CEB47}.Release|x86.Build.0 = Release|Any CPU
		{C95AB514-1D52-488B-A351-2F611191C39A}.Debug|Any CPU.ActiveCfg = Debug|Any CPU
		{C95AB514-1D52-488B-A351-2F611191C39A}.Debug|Any CPU.Build.0 = Debug|Any CPU
		{C95AB514-1D52-488B-A351-2F611191C39A}.Debug|x64.ActiveCfg = Debug|Any CPU
		{C95AB514-1D52-488B-A351-2F611191C39A}.Debug|x64.Build.0 = Debug|Any CPU
		{C95AB514-1D52-488B-A351-2F611191C39A}.Debug|x86.ActiveCfg = Debug|Any CPU
		{C95AB514-1D52-488B-A351-2F611191C39A}.Debug|x86.Build.0 = Debug|Any CPU
		{C95AB514-1D52-488B-A351-2F611191C39A}.Release|Any CPU.ActiveCfg = Release|Any CPU
		{C95AB514-1D52-488B-A351-2F611191C39A}.Release|Any CPU.Build.0 = Release|Any CPU
		{C95AB514-1D52-488B-A351-2F611191C39A}.Release|x64.ActiveCfg = Release|Any CPU
		{C95AB514-1D52-488B-A351-2F611191C39A}.Release|x64.Build.0 = Release|Any CPU
		{C95AB514-1D52-488B-A351-2F611191C39A}.Release|x86.ActiveCfg = Release|Any CPU
		{C95AB514-1D52-488B-A351-2F611191C39A}.Release|x86.Build.0 = Release|Any CPU
	EndGlobalSection
	GlobalSection(SolutionProperties) = preSolution
		HideSolutionNode = FALSE
	EndGlobalSection
	GlobalSection(ExtensibilityGlobals) = postSolution
		SolutionGuid = {1961F955-951C-4488-A1E3-4388E0262F4D}
	EndGlobalSection
EndGlobal
